// !$*UTF8*$!
{
	archiveVersion = 1;
	classes = {
	};
	objectVersion = 56;
	objects = {

/* Begin PBXBuildFile section */
		4D74146D2A3928D200CB3C52 /* PracticasgitApp.swift in Sources */ = {isa = PBXBuildFile; fileRef = 4D74146C2A3928D200CB3C52 /* PracticasgitApp.swift */; };
		4D74146F2A3928D200CB3C52 /* PracticasgitDocument.swift in Sources */ = {isa = PBXBuildFile; fileRef = 4D74146E2A3928D200CB3C52 /* PracticasgitDocument.swift */; };
		4D7414712A3928D200CB3C52 /* ContentView.swift in Sources */ = {isa = PBXBuildFile; fileRef = 4D7414702A3928D200CB3C52 /* ContentView.swift */; };
		4D7414732A3928D300CB3C52 /* Assets.xcassets in Resources */ = {isa = PBXBuildFile; fileRef = 4D7414722A3928D300CB3C52 /* Assets.xcassets */; };
		4D7414762A3928D300CB3C52 /* Preview Assets.xcassets in Resources */ = {isa = PBXBuildFile; fileRef = 4D7414752A3928D300CB3C52 /* Preview Assets.xcassets */; };
		4D7414812A3928D300CB3C52 /* PracticasgitTests.swift in Sources */ = {isa = PBXBuildFile; fileRef = 4D7414802A3928D300CB3C52 /* PracticasgitTests.swift */; };
		4D74148B2A3928D300CB3C52 /* PracticasgitUITests.swift in Sources */ = {isa = PBXBuildFile; fileRef = 4D74148A2A3928D300CB3C52 /* PracticasgitUITests.swift */; };
		4D74148D2A3928D300CB3C52 /* PracticasgitUITestsLaunchTests.swift in Sources */ = {isa = PBXBuildFile; fileRef = 4D74148C2A3928D300CB3C52 /* PracticasgitUITestsLaunchTests.swift */; };
/* End PBXBuildFile section */

/* Begin PBXContainerItemProxy section */
		4D74147D2A3928D300CB3C52 /* PBXContainerItemProxy */ = {
			isa = PBXContainerItemProxy;
			containerPortal = 4D7414612A3928D200CB3C52 /* Project object */;
			proxyType = 1;
			remoteGlobalIDString = 4D7414682A3928D200CB3C52;
			remoteInfo = Practicasgit;
		};
		4D7414872A3928D300CB3C52 /* PBXContainerItemProxy */ = {
			isa = PBXContainerItemProxy;
			containerPortal = 4D7414612A3928D200CB3C52 /* Project object */;
			proxyType = 1;
			remoteGlobalIDString = 4D7414682A3928D200CB3C52;
			remoteInfo = Practicasgit;
		};
/* End PBXContainerItemProxy section */

/* Begin PBXFileReference section */
		4D7414692A3928D200CB3C52 /* Practicasgit.app */ = {isa = PBXFileReference; explicitFileType = wrapper.application; includeInIndex = 0; path = Practicasgit.app; sourceTree = BUILT_PRODUCTS_DIR; };
		4D74146C2A3928D200CB3C52 /* PracticasgitApp.swift */ = {isa = PBXFileReference; lastKnownFileType = sourcecode.swift; path = PracticasgitApp.swift; sourceTree = "<group>"; };
		4D74146E2A3928D200CB3C52 /* PracticasgitDocument.swift */ = {isa = PBXFileReference; lastKnownFileType = sourcecode.swift; path = PracticasgitDocument.swift; sourceTree = "<group>"; };
		4D7414702A3928D200CB3C52 /* ContentView.swift */ = {isa = PBXFileReference; lastKnownFileType = sourcecode.swift; path = ContentView.swift; sourceTree = "<group>"; };
		4D7414722A3928D300CB3C52 /* Assets.xcassets */ = {isa = PBXFileReference; lastKnownFileType = folder.assetcatalog; path = Assets.xcassets; sourceTree = "<group>"; };
		4D7414752A3928D300CB3C52 /* Preview Assets.xcassets */ = {isa = PBXFileReference; lastKnownFileType = folder.assetcatalog; path = "Preview Assets.xcassets"; sourceTree = "<group>"; };
		4D7414772A3928D300CB3C52 /* Info.plist */ = {isa = PBXFileReference; lastKnownFileType = text.plist.xml; path = Info.plist; sourceTree = "<group>"; };
		4D74147C2A3928D300CB3C52 /* PracticasgitTests.xctest */ = {isa = PBXFileReference; explicitFileType = wrapper.cfbundle; includeInIndex = 0; path = PracticasgitTests.xctest; sourceTree = BUILT_PRODUCTS_DIR; };
		4D7414802A3928D300CB3C52 /* PracticasgitTests.swift */ = {isa = PBXFileReference; lastKnownFileType = sourcecode.swift; path = PracticasgitTests.swift; sourceTree = "<group>"; };
		4D7414862A3928D300CB3C52 /* PracticasgitUITests.xctest */ = {isa = PBXFileReference; explicitFileType = wrapper.cfbundle; includeInIndex = 0; path = PracticasgitUITests.xctest; sourceTree = BUILT_PRODUCTS_DIR; };
		4D74148A2A3928D300CB3C52 /* PracticasgitUITests.swift */ = {isa = PBXFileReference; lastKnownFileType = sourcecode.swift; path = PracticasgitUITests.swift; sourceTree = "<group>"; };
		4D74148C2A3928D300CB3C52 /* PracticasgitUITestsLaunchTests.swift */ = {isa = PBXFileReference; lastKnownFileType = sourcecode.swift; path = PracticasgitUITestsLaunchTests.swift; sourceTree = "<group>"; };
/* End PBXFileReference section */

/* Begin PBXFrameworksBuildPhase section */
		4D7414662A3928D200CB3C52 /* Frameworks */ = {
			isa = PBXFrameworksBuildPhase;
			buildActionMask = 2147483647;
			files = (
			);
			runOnlyForDeploymentPostprocessing = 0;
		};
		4D7414792A3928D300CB3C52 /* Frameworks */ = {
			isa = PBXFrameworksBuildPhase;
			buildActionMask = 2147483647;
			files = (
			);
			runOnlyForDeploymentPostprocessing = 0;
		};
		4D7414832A3928D300CB3C52 /* Frameworks */ = {
			isa = PBXFrameworksBuildPhase;
			buildActionMask = 2147483647;
			files = (
			);
			runOnlyForDeploymentPostprocessing = 0;
		};
/* End PBXFrameworksBuildPhase section */

/* Begin PBXGroup section */
		4D7414602A3928D200CB3C52 = {
			isa = PBXGroup;
			children = (
				4D74146B2A3928D200CB3C52 /* Practicasgit */,
				4D74147F2A3928D300CB3C52 /* PracticasgitTests */,
				4D7414892A3928D300CB3C52 /* PracticasgitUITests */,
				4D74146A2A3928D200CB3C52 /* Products */,
			);
			sourceTree = "<group>";
		};
		4D74146A2A3928D200CB3C52 /* Products */ = {
			isa = PBXGroup;
			children = (
				4D7414692A3928D200CB3C52 /* Practicasgit.app */,
				4D74147C2A3928D300CB3C52 /* PracticasgitTests.xctest */,
				4D7414862A3928D300CB3C52 /* PracticasgitUITests.xctest */,
			);
			name = Products;
			sourceTree = "<group>";
		};
		4D74146B2A3928D200CB3C52 /* Practicasgit */ = {
			isa = PBXGroup;
			children = (
				4D74146C2A3928D200CB3C52 /* PracticasgitApp.swift */,
				4D74146E2A3928D200CB3C52 /* PracticasgitDocument.swift */,
				4D7414702A3928D200CB3C52 /* ContentView.swift */,
				4D7414722A3928D300CB3C52 /* Assets.xcassets */,
				4D7414772A3928D300CB3C52 /* Info.plist */,
				4D7414742A3928D300CB3C52 /* Preview Content */,
			);
			path = Practicasgit;
			sourceTree = "<group>";
		};
		4D7414742A3928D300CB3C52 /* Preview Content */ = {
			isa = PBXGroup;
			children = (
				4D7414752A3928D300CB3C52 /* Preview Assets.xcassets */,
			);
			path = "Preview Content";
			sourceTree = "<group>";
		};
		4D74147F2A3928D300CB3C52 /* PracticasgitTests */ = {
			isa = PBXGroup;
			children = (
				4D7414802A3928D300CB3C52 /* PracticasgitTests.swift */,
			);
			path = PracticasgitTests;
			sourceTree = "<group>";
		};
		4D7414892A3928D300CB3C52 /* PracticasgitUITests */ = {
			isa = PBXGroup;
			children = (
				4D74148A2A3928D300CB3C52 /* PracticasgitUITests.swift */,
				4D74148C2A3928D300CB3C52 /* PracticasgitUITestsLaunchTests.swift */,
			);
			path = PracticasgitUITests;
			sourceTree = "<group>";
		};
/* End PBXGroup section */

/* Begin PBXNativeTarget section */
		4D7414682A3928D200CB3C52 /* Practicasgit */ = {
			isa = PBXNativeTarget;
			buildConfigurationList = 4D7414902A3928D300CB3C52 /* Build configuration list for PBXNativeTarget "Practicasgit" */;
			buildPhases = (
				4D7414652A3928D200CB3C52 /* Sources */,
				4D7414662A3928D200CB3C52 /* Frameworks */,
				4D7414672A3928D200CB3C52 /* Resources */,
			);
			buildRules = (
			);
			dependencies = (
			);
			name = Practicasgit;
			productName = Practicasgit;
			productReference = 4D7414692A3928D200CB3C52 /* Practicasgit.app */;
			productType = "com.apple.product-type.application";
		};
		4D74147B2A3928D300CB3C52 /* PracticasgitTests */ = {
			isa = PBXNativeTarget;
			buildConfigurationList = 4D7414932A3928D300CB3C52 /* Build configuration list for PBXNativeTarget "PracticasgitTests" */;
			buildPhases = (
				4D7414782A3928D300CB3C52 /* Sources */,
				4D7414792A3928D300CB3C52 /* Frameworks */,
				4D74147A2A3928D300CB3C52 /* Resources */,
			);
			buildRules = (
			);
			dependencies = (
				4D74147E2A3928D300CB3C52 /* PBXTargetDependency */,
			);
			name = PracticasgitTests;
			productName = PracticasgitTests;
			productReference = 4D74147C2A3928D300CB3C52 /* PracticasgitTests.xctest */;
			productType = "com.apple.product-type.bundle.unit-test";
		};
		4D7414852A3928D300CB3C52 /* PracticasgitUITests */ = {
			isa = PBXNativeTarget;
			buildConfigurationList = 4D7414962A3928D300CB3C52 /* Build configuration list for PBXNativeTarget "PracticasgitUITests" */;
			buildPhases = (
				4D7414822A3928D300CB3C52 /* Sources */,
				4D7414832A3928D300CB3C52 /* Frameworks */,
				4D7414842A3928D300CB3C52 /* Resources */,
			);
			buildRules = (
			);
			dependencies = (
				4D7414882A3928D300CB3C52 /* PBXTargetDependency */,
			);
			name = PracticasgitUITests;
			productName = PracticasgitUITests;
			productReference = 4D7414862A3928D300CB3C52 /* PracticasgitUITests.xctest */;
			productType = "com.apple.product-type.bundle.ui-testing";
		};
/* End PBXNativeTarget section */

/* Begin PBXProject section */
		4D7414612A3928D200CB3C52 /* Project object */ = {
			isa = PBXProject;
			attributes = {
				BuildIndependentTargetsInParallel = 1;
				LastSwiftUpdateCheck = 1400;
				LastUpgradeCheck = 1400;
				TargetAttributes = {
					4D7414682A3928D200CB3C52 = {
						CreatedOnToolsVersion = 14.0.1;
					};
					4D74147B2A3928D300CB3C52 = {
						CreatedOnToolsVersion = 14.0.1;
						TestTargetID = 4D7414682A3928D200CB3C52;
					};
					4D7414852A3928D300CB3C52 = {
						CreatedOnToolsVersion = 14.0.1;
						TestTargetID = 4D7414682A3928D200CB3C52;
					};
				};
			};
			buildConfigurationList = 4D7414642A3928D200CB3C52 /* Build configuration list for PBXProject "Practicasgit" */;
			compatibilityVersion = "Xcode 14.0";
			developmentRegion = en;
			hasScannedForEncodings = 0;
			knownRegions = (
				en,
				Base,
			);
			mainGroup = 4D7414602A3928D200CB3C52;
			productRefGroup = 4D74146A2A3928D200CB3C52 /* Products */;
			projectDirPath = "";
			projectRoot = "";
			targets = (
				4D7414682A3928D200CB3C52 /* Practicasgit */,
				4D74147B2A3928D300CB3C52 /* PracticasgitTests */,
				4D7414852A3928D300CB3C52 /* PracticasgitUITests */,
			);
		};
/* End PBXProject section */

/* Begin PBXResourcesBuildPhase section */
		4D7414672A3928D200CB3C52 /* Resources */ = {
			isa = PBXResourcesBuildPhase;
			buildActionMask = 2147483647;
			files = (
				4D7414762A3928D300CB3C52 /* Preview Assets.xcassets in Resources */,
				4D7414732A3928D300CB3C52 /* Assets.xcassets in Resources */,
			);
			runOnlyForDeploymentPostprocessing = 0;
		};
		4D74147A2A3928D300CB3C52 /* Resources */ = {
			isa = PBXResourcesBuildPhase;
			buildActionMask = 2147483647;
			files = (
			);
			runOnlyForDeploymentPostprocessing = 0;
		};
		4D7414842A3928D300CB3C52 /* Resources */ = {
			isa = PBXResourcesBuildPhase;
			buildActionMask = 2147483647;
			files = (
			);
			runOnlyForDeploymentPostprocessing = 0;
		};
/* End PBXResourcesBuildPhase section */

/* Begin PBXSourcesBuildPhase section */
		4D7414652A3928D200CB3C52 /* Sources */ = {
			isa = PBXSourcesBuildPhase;
			buildActionMask = 2147483647;
			files = (
				4D74146F2A3928D200CB3C52 /* PracticasgitDocument.swift in Sources */,
				4D74146D2A3928D200CB3C52 /* PracticasgitApp.swift in Sources */,
				4D7414712A3928D200CB3C52 /* ContentView.swift in Sources */,
			);
			runOnlyForDeploymentPostprocessing = 0;
		};
		4D7414782A3928D300CB3C52 /* Sources */ = {
			isa = PBXSourcesBuildPhase;
			buildActionMask = 2147483647;
			files = (
				4D7414812A3928D300CB3C52 /* PracticasgitTests.swift in Sources */,
			);
			runOnlyForDeploymentPostprocessing = 0;
		};
		4D7414822A3928D300CB3C52 /* Sources */ = {
			isa = PBXSourcesBuildPhase;
			buildActionMask = 2147483647;
			files = (
				4D74148D2A3928D300CB3C52 /* PracticasgitUITestsLaunchTests.swift in Sources */,
				4D74148B2A3928D300CB3C52 /* PracticasgitUITests.swift in Sources */,
			);
			runOnlyForDeploymentPostprocessing = 0;
		};
/* End PBXSourcesBuildPhase section */

/* Begin PBXTargetDependency section */
		4D74147E2A3928D300CB3C52 /* PBXTargetDependency */ = {
			isa = PBXTargetDependency;
			target = 4D7414682A3928D200CB3C52 /* Practicasgit */;
			targetProxy = 4D74147D2A3928D300CB3C52 /* PBXContainerItemProxy */;
		};
		4D7414882A3928D300CB3C52 /* PBXTargetDependency */ = {
			isa = PBXTargetDependency;
			target = 4D7414682A3928D200CB3C52 /* Practicasgit */;
			targetProxy = 4D7414872A3928D300CB3C52 /* PBXContainerItemProxy */;
		};
/* End PBXTargetDependency section */

/* Begin XCBuildConfiguration section */
		4D74148E2A3928D300CB3C52 /* Debug */ = {
			isa = XCBuildConfiguration;
			buildSettings = {
				ALWAYS_SEARCH_USER_PATHS = NO;
				CLANG_ANALYZER_NONNULL = YES;
				CLANG_ANALYZER_NUMBER_OBJECT_CONVERSION = YES_AGGRESSIVE;
				CLANG_CXX_LANGUAGE_STANDARD = "gnu++20";
				CLANG_ENABLE_MODULES = YES;
				CLANG_ENABLE_OBJC_ARC = YES;
				CLANG_ENABLE_OBJC_WEAK = YES;
				CLANG_WARN_BLOCK_CAPTURE_AUTORELEASING = YES;
				CLANG_WARN_BOOL_CONVERSION = YES;
				CLANG_WARN_COMMA = YES;
				CLANG_WARN_CONSTANT_CONVERSION = YES;
				CLANG_WARN_DEPRECATED_OBJC_IMPLEMENTATIONS = YES;
				CLANG_WARN_DIRECT_OBJC_ISA_USAGE = YES_ERROR;
				CLANG_WARN_DOCUMENTATION_COMMENTS = YES;
				CLANG_WARN_EMPTY_BODY = YES;
				CLANG_WARN_ENUM_CONVERSION = YES;
				CLANG_WARN_INFINITE_RECURSION = YES;
				CLANG_WARN_INT_CONVERSION = YES;
				CLANG_WARN_NON_LITERAL_NULL_CONVERSION = YES;
				CLANG_WARN_OBJC_IMPLICIT_RETAIN_SELF = YES;
				CLANG_WARN_OBJC_LITERAL_CONVERSION = YES;
				CLANG_WARN_OBJC_ROOT_CLASS = YES_ERROR;
				CLANG_WARN_QUOTED_INCLUDE_IN_FRAMEWORK_HEADER = YES;
				CLANG_WARN_RANGE_LOOP_ANALYSIS = YES;
				CLANG_WARN_STRICT_PROTOTYPES = YES;
				CLANG_WARN_SUSPICIOUS_MOVE = YES;
				CLANG_WARN_UNGUARDED_AVAILABILITY = YES_AGGRESSIVE;
				CLANG_WARN_UNREACHABLE_CODE = YES;
				CLANG_WARN__DUPLICATE_METHOD_MATCH = YES;
				COPY_PHASE_STRIP = NO;
				DEBUG_INFORMATION_FORMAT = dwarf;
				ENABLE_STRICT_OBJC_MSGSEND = YES;
				ENABLE_TESTABILITY = YES;
				GCC_C_LANGUAGE_STANDARD = gnu11;
				GCC_DYNAMIC_NO_PIC = NO;
				GCC_NO_COMMON_BLOCKS = YES;
				GCC_OPTIMIZATION_LEVEL = 0;
				GCC_PREPROCESSOR_DEFINITIONS = (
					"DEBUG=1",
					"$(inherited)",
				);
				GCC_WARN_64_TO_32_BIT_CONVERSION = YES;
				GCC_WARN_ABOUT_RETURN_TYPE = YES_ERROR;
				GCC_WARN_UNDECLARED_SELECTOR = YES;
				GCC_WARN_UNINITIALIZED_AUTOS = YES_AGGRESSIVE;
				GCC_WARN_UNUSED_FUNCTION = YES;
				GCC_WARN_UNUSED_VARIABLE = YES;
				IPHONEOS_DEPLOYMENT_TARGET = 16.0;
				MTL_ENABLE_DEBUG_INFO = INCLUDE_SOURCE;
				MTL_FAST_MATH = YES;
				ONLY_ACTIVE_ARCH = YES;
				SDKROOT = iphoneos;
				SWIFT_ACTIVE_COMPILATION_CONDITIONS = DEBUG;
				SWIFT_OPTIMIZATION_LEVEL = "-Onone";
			};
			name = Debug;
		};
		4D74148F2A3928D300CB3C52 /* Release */ = {
			isa = XCBuildConfiguration;
			buildSettings = {
				ALWAYS_SEARCH_USER_PATHS = NO;
				CLANG_ANALYZER_NONNULL = YES;
				CLANG_ANALYZER_NUMBER_OBJECT_CONVERSION = YES_AGGRESSIVE;
				CLANG_CXX_LANGUAGE_STANDARD = "gnu++20";
				CLANG_ENABLE_MODULES = YES;
				CLANG_ENABLE_OBJC_ARC = YES;
				CLANG_ENABLE_OBJC_WEAK = YES;
				CLANG_WARN_BLOCK_CAPTURE_AUTORELEASING = YES;
				CLANG_WARN_BOOL_CONVERSION = YES;
				CLANG_WARN_COMMA = YES;
				CLANG_WARN_CONSTANT_CONVERSION = YES;
				CLANG_WARN_DEPRECATED_OBJC_IMPLEMENTATIONS = YES;
				CLANG_WARN_DIRECT_OBJC_ISA_USAGE = YES_ERROR;
				CLANG_WARN_DOCUMENTATION_COMMENTS = YES;
				CLANG_WARN_EMPTY_BODY = YES;
				CLANG_WARN_ENUM_CONVERSION = YES;
				CLANG_WARN_INFINITE_RECURSION = YES;
				CLANG_WARN_INT_CONVERSION = YES;
				CLANG_WARN_NON_LITERAL_NULL_CONVERSION = YES;
				CLANG_WARN_OBJC_IMPLICIT_RETAIN_SELF = YES;
				CLANG_WARN_OBJC_LITERAL_CONVERSION = YES;
				CLANG_WARN_OBJC_ROOT_CLASS = YES_ERROR;
				CLANG_WARN_QUOTED_INCLUDE_IN_FRAMEWORK_HEADER = YES;
				CLANG_WARN_RANGE_LOOP_ANALYSIS = YES;
				CLANG_WARN_STRICT_PROTOTYPES = YES;
				CLANG_WARN_SUSPICIOUS_MOVE = YES;
				CLANG_WARN_UNGUARDED_AVAILABILITY = YES_AGGRESSIVE;
				CLANG_WARN_UNREACHABLE_CODE = YES;
				CLANG_WARN__DUPLICATE_METHOD_MATCH = YES;
				COPY_PHASE_STRIP = NO;
				DEBUG_INFORMATION_FORMAT = "dwarf-with-dsym";
				ENABLE_NS_ASSERTIONS = NO;
				ENABLE_STRICT_OBJC_MSGSEND = YES;
				GCC_C_LANGUAGE_STANDARD = gnu11;
				GCC_NO_COMMON_BLOCKS = YES;
				GCC_WARN_64_TO_32_BIT_CONVERSION = YES;
				GCC_WARN_ABOUT_RETURN_TYPE = YES_ERROR;
				GCC_WARN_UNDECLARED_SELECTOR = YES;
				GCC_WARN_UNINITIALIZED_AUTOS = YES_AGGRESSIVE;
				GCC_WARN_UNUSED_FUNCTION = YES;
				GCC_WARN_UNUSED_VARIABLE = YES;
				IPHONEOS_DEPLOYMENT_TARGET = 16.0;
				MTL_ENABLE_DEBUG_INFO = NO;
				MTL_FAST_MATH = YES;
				SDKROOT = iphoneos;
				SWIFT_COMPILATION_MODE = wholemodule;
				SWIFT_OPTIMIZATION_LEVEL = "-O";
				VALIDATE_PRODUCT = YES;
			};
			name = Release;
		};
		4D7414912A3928D300CB3C52 /* Debug */ = {
			isa = XCBuildConfiguration;
			buildSettings = {
				ASSETCATALOG_COMPILER_APPICON_NAME = AppIcon;
				ASSETCATALOG_COMPILER_GLOBAL_ACCENT_COLOR_NAME = AccentColor;
				CODE_SIGN_STYLE = Automatic;
				CURRENT_PROJECT_VERSION = 1;
				DEVELOPMENT_ASSET_PATHS = "\"Practicasgit/Preview Content\"";
				ENABLE_PREVIEWS = YES;
				GENERATE_INFOPLIST_FILE = YES;
				INFOPLIST_FILE = Practicasgit/Info.plist;
				INFOPLIST_KEY_UIApplicationSceneManifest_Generation = YES;
				INFOPLIST_KEY_UIApplicationSupportsIndirectInputEvents = YES;
				INFOPLIST_KEY_UILaunchScreen_Generation = YES;
				INFOPLIST_KEY_UISupportedInterfaceOrientations_iPad = "UIInterfaceOrientationPortrait UIInterfaceOrientationPortraitUpsideDown UIInterfaceOrientationLandscapeLeft UIInterfaceOrientationLandscapeRight";
				INFOPLIST_KEY_UISupportedInterfaceOrientations_iPhone = "UIInterfaceOrientationPortrait UIInterfaceOrientationLandscapeLeft UIInterfaceOrientationLandscapeRight";
				INFOPLIST_KEY_UISupportsDocumentBrowser = YES;
				LD_RUNPATH_SEARCH_PATHS = (
					"$(inherited)",
					"@executable_path/Frameworks",
				);
				MARKETING_VERSION = 1.0;
				PRODUCT_BUNDLE_IDENTIFIER = prueba.Practicasgit;
				PRODUCT_NAME = "$(TARGET_NAME)";
				SWIFT_EMIT_LOC_STRINGS = YES;
				SWIFT_VERSION = 5.0;
				TARGETED_DEVICE_FAMILY = "1,2";
			};
			name = Debug;
		};
		4D7414922A3928D300CB3C52 /* Release */ = {
			isa = XCBuildConfiguration;
			buildSettings = {
				ASSETCATALOG_COMPILER_APPICON_NAME = AppIcon;
				ASSETCATALOG_COMPILER_GLOBAL_ACCENT_COLOR_NAME = AccentColor;
				CODE_SIGN_STYLE = Automatic;
				CURRENT_PROJECT_VERSION = 1;
				DEVELOPMENT_ASSET_PATHS = "\"Practicasgit/Preview Content\"";
				ENABLE_PREVIEWS = YES;
				GENERATE_INFOPLIST_FILE = YES;
				INFOPLIST_FILE = Practicasgit/Info.plist;
				INFOPLIST_KEY_UIApplicationSceneManifest_Generation = YES;
				INFOPLIST_KEY_UIApplicationSupportsIndirectInputEvents = YES;
				INFOPLIST_KEY_UILaunchScreen_Generation = YES;
				INFOPLIST_KEY_UISupportedInterfaceOrientations_iPad = "UIInterfaceOrientationPortrait UIInterfaceOrientationPortraitUpsideDown UIInterfaceOrientationLandscapeLeft UIInterfaceOrientationLandscapeRight";
				INFOPLIST_KEY_UISupportedInterfaceOrientations_iPhone = "UIInterfaceOrientationPortrait UIInterfaceOrientationLandscapeLeft UIInterfaceOrientationLandscapeRight";
				INFOPLIST_KEY_UISupportsDocumentBrowser = YES;
				LD_RUNPATH_SEARCH_PATHS = (
					"$(inherited)",
					"@executable_path/Frameworks",
				);
				MARKETING_VERSION = 1.0;
				PRODUCT_BUNDLE_IDENTIFIER = prueba.Practicasgit;
				PRODUCT_NAME = "$(TARGET_NAME)";
				SWIFT_EMIT_LOC_STRINGS = YES;
				SWIFT_VERSION = 5.0;
				TARGETED_DEVICE_FAMILY = "1,2";
			};
			name = Release;
		};
		4D7414942A3928D300CB3C52 /* Debug */ = {
			isa = XCBuildConfiguration;
			buildSettings = {
				ALWAYS_EMBED_SWIFT_STANDARD_LIBRARIES = YES;
				BUNDLE_LOADER = "$(TEST_HOST)";
				CODE_SIGN_STYLE = Automatic;
				CURRENT_PROJECT_VERSION = 1;
				GENERATE_INFOPLIST_FILE = YES;
				IPHONEOS_DEPLOYMENT_TARGET = 16.0;
				MARKETING_VERSION = 1.0;
				PRODUCT_BUNDLE_IDENTIFIER = prueba.PracticasgitTests;
				PRODUCT_NAME = "$(TARGET_NAME)";
				SWIFT_EMIT_LOC_STRINGS = NO;
				SWIFT_VERSION = 5.0;
				TARGETED_DEVICE_FAMILY = "1,2";
				TEST_HOST = "$(BUILT_PRODUCTS_DIR)/Practicasgit.app/$(BUNDLE_EXECUTABLE_FOLDER_PATH)/Practicasgit";
			};
			name = Debug;
		};
		4D7414952A3928D300CB3C52 /* Release */ = {
			isa = XCBuildConfiguration;
			buildSettings = {
				ALWAYS_EMBED_SWIFT_STANDARD_LIBRARIES = YES;
				BUNDLE_LOADER = "$(TEST_HOST)";
				CODE_SIGN_STYLE = Automatic;
				CURRENT_PROJECT_VERSION = 1;
				GENERATE_INFOPLIST_FILE = YES;
				IPHONEOS_DEPLOYMENT_TARGET = 16.0;
				MARKETING_VERSION = 1.0;
				PRODUCT_BUNDLE_IDENTIFIER = prueba.PracticasgitTests;
				PRODUCT_NAME = "$(TARGET_NAME)";
				SWIFT_EMIT_LOC_STRINGS = NO;
				SWIFT_VERSION = 5.0;
				TARGETED_DEVICE_FAMILY = "1,2";
				TEST_HOST = "$(BUILT_PRODUCTS_DIR)/Practicasgit.app/$(BUNDLE_EXECUTABLE_FOLDER_PATH)/Practicasgit";
			};
			name = Release;
		};
		4D7414972A3928D300CB3C52 /* Debug */ = {
			isa = XCBuildConfiguration;
			buildSettings = {
				ALWAYS_EMBED_SWIFT_STANDARD_LIBRARIES = YES;
				CODE_SIGN_STYLE = Automatic;
				CURRENT_PROJECT_VERSION = 1;
				GENERATE_INFOPLIST_FILE = YES;
				MARKETING_VERSION = 1.0;
				PRODUCT_BUNDLE_IDENTIFIER = prueba.PracticasgitUITests;
				PRODUCT_NAME = "$(TARGET_NAME)";
				SWIFT_EMIT_LOC_STRINGS = NO;
				SWIFT_VERSION = 5.0;
				TARGETED_DEVICE_FAMILY = "1,2";
				TEST_TARGET_NAME = Practicasgit;
			};
			name = Debug;
		};
		4D7414982A3928D300CB3C52 /* Release */ = {
			isa = XCBuildConfiguration;
			buildSettings = {
				ALWAYS_EMBED_SWIFT_STANDARD_LIBRARIES = YES;
				CODE_SIGN_STYLE = Automatic;
				CURRENT_PROJECT_VERSION = 1;
				GENERATE_INFOPLIST_FILE = YES;
				MARKETING_VERSION = 1.0;
				PRODUCT_BUNDLE_IDENTIFIER = prueba.PracticasgitUITests;
				PRODUCT_NAME = "$(TARGET_NAME)";
				SWIFT_EMIT_LOC_STRINGS = NO;
				SWIFT_VERSION = 5.0;
				TARGETED_DEVICE_FAMILY = "1,2";
				TEST_TARGET_NAME = Practicasgit;
			};
			name = Release;
		};
/* End XCBuildConfiguration section */

/* Begin XCConfigurationList section */
		4D7414642A3928D200CB3C52 /* Build configuration list for PBXProject "Practicasgit" */ = {
			isa = XCConfigurationList;
			buildConfigurations = (
				4D74148E2A3928D300CB3C52 /* Debug */,
				4D74148F2A3928D300CB3C52 /* Release */,
			);
			defaultConfigurationIsVisible = 0;
			defaultConfigurationName = Release;
		};
		4D7414902A3928D300CB3C52 /* Build configuration list for PBXNativeTarget "Practicasgit" */ = {
			isa = XCConfigurationList;
			buildConfigurations = (
				4D7414912A3928D300CB3C52 /* Debug */,
				4D7414922A3928D300CB3C52 /* Release */,
			);
			defaultConfigurationIsVisible = 0;
			defaultConfigurationName = Release;
		};
		4D7414932A3928D300CB3C52 /* Build configuration list for PBXNativeTarget "PracticasgitTests" */ = {
			isa = XCConfigurationList;
			buildConfigurations = (
				4D7414942A3928D300CB3C52 /* Debug */,
				4D7414952A3928D300CB3C52 /* Release */,
			);
			defaultConfigurationIsVisible = 0;
			defaultConfigurationName = Release;
		};
		4D7414962A3928D300CB3C52 /* Build configuration list for PBXNativeTarget "PracticasgitUITests" */ = {
			isa = XCConfigurationList;
			buildConfigurations = (
				4D7414972A3928D300CB3C52 /* Debug */,
				4D7414982A3928D300CB3C52 /* Release */,
			);
			defaultConfigurationIsVisible = 0;
			defaultConfigurationName = Release;
		};
/* End XCConfigurationList section */
	};
	rootObject = 4D7414612A3928D200CB3C52 /* Project object */;
}
